# THIS IS AN AUTOGENERATED FILE. DO NOT EDIT THIS FILE DIRECTLY.
# yarn lockfile v1


wordnet@^2.0.0:
  version "2.0.0"
  resolved "https://registry.yarnpkg.com/wordnet/-/wordnet-2.0.0.tgz#4d443e09e17643f50f9471424950f166a3e4e5b7"
  integrity sha512-VQOEUBHU6drwXGQx37bVaRqi042IZ8NwJiT9qLtM2x1QzqgIJIRoyZa++rWrUvICK+tYz9ttfYFk1c8IiN6DVQ==
